
Microsoft Visual Studio Solution File, Format Version 12.00
# Visual Studio Version 17
VisualStudioVersion = 17.4.33213.308
MinimumVisualStudioVersion = 10.0.40219.1
Project("{FAE04EC0-301F-11D3-BF4B-00C04F79EFBC}") = "PDC03-MODULE03.Android", "PDC03-MODULE03\PDC03-MODULE03.Android\PDC03-MODULE03.Android.csproj", "{EC5F4F49-235F-48BA-BA32-387BD363A434}"
EndProject
Project("{FAE04EC0-301F-11D3-BF4B-00C04F79EFBC}") = "PDC03-MODULE03", "PDC03-MODULE03\PDC03-MODULE03\PDC03-MODULE03.csproj", "{0038F1EE-B02B-4ACC-96DD-0956E93E678B}"
EndProject
Global
	GlobalSection(SolutionConfigurationPlatforms) = preSolution
		Debug|Any CPU = Debug|Any CPU
		Release|Any CPU = Release|Any CPU
	EndGlobalSection
	GlobalSection(ProjectConfigurationPlatforms) = postSolution
		{EC5F4F49-235F-48BA-BA32-387BD363A434}.Debug|Any CPU.ActiveCfg = Debug|Any CPU
		{EC5F4F49-235F-48BA-BA32-387BD363A434}.Debug|Any CPU.Build.0 = Debug|Any CPU
		{EC5F4F49-235F-48BA-BA32-387BD363A434}.Debug|Any CPU.Deploy.0 = Debug|Any CPU
		{EC5F4F49-235F-48BA-BA32-387BD363A434}.Release|Any CPU.ActiveCfg = Release|Any CPU
		{EC5F4F49-235F-48BA-BA32-387BD363A434}.Release|Any CPU.Build.0 = Release|Any CPU
		{EC5F4F49-235F-48BA-BA32-387BD363A434}.Release|Any CPU.Deploy.0 = Release|Any CPU
		{0038F1EE-B02B-4ACC-96DD-0956E93E678B}.Debug|Any CPU.ActiveCfg = Debug|Any CPU
		{0038F1EE-B02B-4ACC-96DD-0956E93E678B}.Debug|Any CPU.Build.0 = Debug|Any CPU
		{0038F1EE-B02B-4ACC-96DD-0956E93E678B}.Debug|Any CPU.Deploy.0 = Debug|Any CPU
		{0038F1EE-B02B-4ACC-96DD-0956E93E678B}.Release|Any CPU.ActiveCfg = Release|Any CPU
		{0038F1EE-B02B-4ACC-96DD-0956E93E678B}.Release|Any CPU.Build.0 = Release|Any CPU
		{0038F1EE-B02B-4ACC-96DD-0956E93E678B}.Release|Any CPU.Deploy.0 = Release|Any CPU
	EndGlobalSection
	GlobalSection(SolutionProperties) = preSolution
		HideSolutionNode = FALSE
	EndGlobalSection
	GlobalSection(ExtensibilityGlobals) = postSolution
		SolutionGuid = {DF6B020C-3B2D-4622-8AB7-FF86EC4F0D60}
	EndGlobalSection
EndGlobal
